
Microsoft Visual Studio Solution File, Format Version 12.00
# Visual Studio Version 17
VisualStudioVersion = 17.2.32616.157
MinimumVisualStudioVersion = 10.0.40219.1
Project("{8BC9CEB8-8B4A-11D0-8D11-00A0C91BC942}") = "Assignment_1", "Assignment_1\Assignment_1.vcxproj", "{6E6B6DCA-B33D-4EA1-AB51-D356063D07FE}"
EndProject
Global
	GlobalSection(SolutionConfigurationPlatforms) = preSolution
		Debug|x64 = Debug|x64
		Debug|x86 = Debug|x86
		Release|x64 = Release|x64
		Release|x86 = Release|x86
	EndGlobalSection
	GlobalSection(ProjectConfigurationPlatforms) = postSolution
		{6E6B6DCA-B33D-4EA1-AB51-D356063D07FE}.Debug|x64.ActiveCfg = Debug|x64
		{6E6B6DCA-B33D-4EA1-AB51-D356063D07FE}.Debug|x64.Build.0 = Debug|x64
		{6E6B6DCA-B33D-4EA1-AB51-D356063D07FE}.Debug|x86.ActiveCfg = Debug|Win32
		{6E6B6DCA-B33D-4EA1-AB51-D356063D07FE}.Debug|x86.Build.0 = Debug|Win32
		{6E6B6DCA-B33D-4EA1-AB51-D356063D07FE}.Release|x64.ActiveCfg = Release|x64
		{6E6B6DCA-B33D-4EA1-AB51-D356063D07FE}.Release|x64.Build.0 = Release|x64
		{6E6B6DCA-B33D-4EA1-AB51-D356063D07FE}.Release|x86.ActiveCfg = Release|Win32
		{6E6B6DCA-B33D-4EA1-AB51-D356063D07FE}.Release|x86.Build.0 = Release|Win32
	EndGlobalSection
	GlobalSection(SolutionProperties) = preSolution
		HideSolutionNode = FALSE
	EndGlobalSection
	GlobalSection(ExtensibilityGlobals) = postSolution
		SolutionGuid = {E421B59C-CA6A-4691-B80A-8CC850379F07}
	EndGlobalSection
EndGlobal
